<Solution>
  <Project Path="AspireApp/AspireApp.ApiService/AspireApp.ApiService.csproj" />
  <Project Path="AspireApp/AspireApp.AppHost/AspireApp.AppHost.csproj" Id="e7447573-f270-43e4-8f1c-b21584f27e83" />
  <Project Path="AspireApp/AspireApp.ServiceDefaults/AspireApp.ServiceDefaults.csproj" />
  <Project Path="AspireApp/AspireApp.Web/AspireApp.Web.csproj" />
  <Project Path="WebApiService/WebApiService.csproj" />
</Solution>