
Microsoft Visual Studio Solution File, Format Version 12.00
# Visual Studio Version 17
VisualStudioVersion = 17.0.31903.59
MinimumVisualStudioVersion = 10.0.40219.1
Project("{2150E333-8FDC-42A3-9474-1A3956D46DE8}") = "솔루션 항목", "솔루션 항목", "{24DB66F2-B989-48EC-9BED-8107197F0C97}"
EndProject
Project("{9A19103F-16F7-4668-BE54-9A1E7A4F7556}") = "Example1", "Blazor\Example1\Example1.csproj", "{6F48DA46-1B1A-4796-AC32-983B75C2BDE6}"
EndProject
Project("{2150E333-8FDC-42A3-9474-1A3956D46DE8}") = "Blazor", "Blazor", "{3A20D106-2F5E-4E71-9DCE-1C6942877CDE}"
EndProject
Project("{9A19103F-16F7-4668-BE54-9A1E7A4F7556}") = "CacheSample", "CacheSample\CacheSample\CacheSample.csproj", "{EC717624-2950-42C9-B5F7-B16FF635059F}"
EndProject
Project("{2150E333-8FDC-42A3-9474-1A3956D46DE8}") = "gRPC", "gRPC", "{A5243FD6-69F6-4C48-8473-2722CEE600DB}"
EndProject
Project("{9A19103F-16F7-4668-BE54-9A1E7A4F7556}") = "GrpcCommon", "Grpc\GrpcCommon\GrpcCommon.csproj", "{917B349F-3A06-4361-B06C-F43D6048A14E}"
EndProject
Project("{9A19103F-16F7-4668-BE54-9A1E7A4F7556}") = "GrpcGreeterClient", "Grpc\GrpcGreeterClient\GrpcGreeterClient.csproj", "{25DD1A23-737E-4AD5-BB34-F2847A8AAE85}"
EndProject
Project("{9A19103F-16F7-4668-BE54-9A1E7A4F7556}") = "GrpcService", "Grpc\GrpcService\GrpcService.csproj", "{CD35950F-E1EE-490B-84A2-36A2B4583586}"
EndProject
Project("{2150E333-8FDC-42A3-9474-1A3956D46DE8}") = "MAUI", "MAUI", "{87FC7CEF-7BE9-4FB0-8242-3A26DDBE5B14}"
EndProject
Project("{9A19103F-16F7-4668-BE54-9A1E7A4F7556}") = "MauiApp1", "Maui\MauiApp1\MauiApp1.csproj", "{B6265F2A-A265-48B0-B8D5-F6A3579FBCB3}"
EndProject
Project("{9A19103F-16F7-4668-BE54-9A1E7A4F7556}") = "Notes", "Maui\Notes\Notes.csproj", "{DCD72969-8167-432D-A1E5-349CACFBD706}"
EndProject
Project("{2150E333-8FDC-42A3-9474-1A3956D46DE8}") = "ThirdPartyPractice", "ThirdPartyPractice", "{4301BE0B-59F7-49E3-9F4F-39F3E9786D62}"
EndProject
Project("{9A19103F-16F7-4668-BE54-9A1E7A4F7556}") = "WebApplication1", "MediatR\WebApplication1\WebApplication1.csproj", "{ED6FB5E2-5270-4F51-A81F-40C57FF891FB}"
EndProject
Project("{2150E333-8FDC-42A3-9474-1A3956D46DE8}") = "MediatR", "MediatR", "{19870FDA-9146-4C3F-9905-944614F32388}"
EndProject
Project("{FAE04EC0-301F-11D3-BF4B-00C04F79EFBC}") = "UlidPractice", "ThirdPartyPractice\UlidPractice\UlidPractice.csproj", "{BAC436E6-93E2-452B-B93C-CCA80704ABDB}"
EndProject
Project("{FAE04EC0-301F-11D3-BF4B-00C04F79EFBC}") = "RestSharpPractice", "ThirdPartyPractice\RestSharpPractice\RestSharpPractice.csproj", "{176E0B18-325C-412C-96DF-8AA5B35783C6}"
EndProject
Global
	GlobalSection(SolutionConfigurationPlatforms) = preSolution
		Debug|Any CPU = Debug|Any CPU
		Release|Any CPU = Release|Any CPU
	EndGlobalSection
	GlobalSection(ProjectConfigurationPlatforms) = postSolution
		{6F48DA46-1B1A-4796-AC32-983B75C2BDE6}.Debug|Any CPU.ActiveCfg = Debug|Any CPU
		{6F48DA46-1B1A-4796-AC32-983B75C2BDE6}.Debug|Any CPU.Build.0 = Debug|Any CPU
		{6F48DA46-1B1A-4796-AC32-983B75C2BDE6}.Release|Any CPU.ActiveCfg = Release|Any CPU
		{6F48DA46-1B1A-4796-AC32-983B75C2BDE6}.Release|Any CPU.Build.0 = Release|Any CPU
		{EC717624-2950-42C9-B5F7-B16FF635059F}.Debug|Any CPU.ActiveCfg = Debug|Any CPU
		{EC717624-2950-42C9-B5F7-B16FF635059F}.Debug|Any CPU.Build.0 = Debug|Any CPU
		{EC717624-2950-42C9-B5F7-B16FF635059F}.Release|Any CPU.ActiveCfg = Release|Any CPU
		{EC717624-2950-42C9-B5F7-B16FF635059F}.Release|Any CPU.Build.0 = Release|Any CPU
		{917B349F-3A06-4361-B06C-F43D6048A14E}.Debug|Any CPU.ActiveCfg = Debug|Any CPU
		{917B349F-3A06-4361-B06C-F43D6048A14E}.Debug|Any CPU.Build.0 = Debug|Any CPU
		{917B349F-3A06-4361-B06C-F43D6048A14E}.Release|Any CPU.ActiveCfg = Release|Any CPU
		{917B349F-3A06-4361-B06C-F43D6048A14E}.Release|Any CPU.Build.0 = Release|Any CPU
		{25DD1A23-737E-4AD5-BB34-F2847A8AAE85}.Debug|Any CPU.ActiveCfg = Debug|Any CPU
		{25DD1A23-737E-4AD5-BB34-F2847A8AAE85}.Debug|Any CPU.Build.0 = Debug|Any CPU
		{25DD1A23-737E-4AD5-BB34-F2847A8AAE85}.Release|Any CPU.ActiveCfg = Release|Any CPU
		{25DD1A23-737E-4AD5-BB34-F2847A8AAE85}.Release|Any CPU.Build.0 = Release|Any CPU
		{CD35950F-E1EE-490B-84A2-36A2B4583586}.Debug|Any CPU.ActiveCfg = Debug|Any CPU
		{CD35950F-E1EE-490B-84A2-36A2B4583586}.Debug|Any CPU.Build.0 = Debug|Any CPU
		{CD35950F-E1EE-490B-84A2-36A2B4583586}.Release|Any CPU.ActiveCfg = Release|Any CPU
		{CD35950F-E1EE-490B-84A2-36A2B4583586}.Release|Any CPU.Build.0 = Release|Any CPU
		{B6265F2A-A265-48B0-B8D5-F6A3579FBCB3}.Debug|Any CPU.ActiveCfg = Debug|Any CPU
		{B6265F2A-A265-48B0-B8D5-F6A3579FBCB3}.Debug|Any CPU.Build.0 = Debug|Any CPU
		{B6265F2A-A265-48B0-B8D5-F6A3579FBCB3}.Debug|Any CPU.Deploy.0 = Debug|Any CPU
		{B6265F2A-A265-48B0-B8D5-F6A3579FBCB3}.Release|Any CPU.ActiveCfg = Release|Any CPU
		{B6265F2A-A265-48B0-B8D5-F6A3579FBCB3}.Release|Any CPU.Build.0 = Release|Any CPU
		{B6265F2A-A265-48B0-B8D5-F6A3579FBCB3}.Release|Any CPU.Deploy.0 = Release|Any CPU
		{DCD72969-8167-432D-A1E5-349CACFBD706}.Debug|Any CPU.ActiveCfg = Debug|Any CPU
		{DCD72969-8167-432D-A1E5-349CACFBD706}.Debug|Any CPU.Build.0 = Debug|Any CPU
		{DCD72969-8167-432D-A1E5-349CACFBD706}.Debug|Any CPU.Deploy.0 = Debug|Any CPU
		{DCD72969-8167-432D-A1E5-349CACFBD706}.Release|Any CPU.ActiveCfg = Release|Any CPU
		{DCD72969-8167-432D-A1E5-349CACFBD706}.Release|Any CPU.Build.0 = Release|Any CPU
		{DCD72969-8167-432D-A1E5-349CACFBD706}.Release|Any CPU.Deploy.0 = Release|Any CPU
		{ED6FB5E2-5270-4F51-A81F-40C57FF891FB}.Debug|Any CPU.ActiveCfg = Debug|Any CPU
		{ED6FB5E2-5270-4F51-A81F-40C57FF891FB}.Debug|Any CPU.Build.0 = Debug|Any CPU
		{ED6FB5E2-5270-4F51-A81F-40C57FF891FB}.Release|Any CPU.ActiveCfg = Release|Any CPU
		{ED6FB5E2-5270-4F51-A81F-40C57FF891FB}.Release|Any CPU.Build.0 = Release|Any CPU
		{BAC436E6-93E2-452B-B93C-CCA80704ABDB}.Debug|Any CPU.ActiveCfg = Debug|Any CPU
		{BAC436E6-93E2-452B-B93C-CCA80704ABDB}.Debug|Any CPU.Build.0 = Debug|Any CPU
		{BAC436E6-93E2-452B-B93C-CCA80704ABDB}.Release|Any CPU.ActiveCfg = Release|Any CPU
		{BAC436E6-93E2-452B-B93C-CCA80704ABDB}.Release|Any CPU.Build.0 = Release|Any CPU
		{176E0B18-325C-412C-96DF-8AA5B35783C6}.Debug|Any CPU.ActiveCfg = Debug|Any CPU
		{176E0B18-325C-412C-96DF-8AA5B35783C6}.Debug|Any CPU.Build.0 = Debug|Any CPU
		{176E0B18-325C-412C-96DF-8AA5B35783C6}.Release|Any CPU.ActiveCfg = Release|Any CPU
		{176E0B18-325C-412C-96DF-8AA5B35783C6}.Release|Any CPU.Build.0 = Release|Any CPU
	EndGlobalSection
	GlobalSection(SolutionProperties) = preSolution
		HideSolutionNode = FALSE
	EndGlobalSection
	GlobalSection(NestedProjects) = preSolution
		{6F48DA46-1B1A-4796-AC32-983B75C2BDE6} = {3A20D106-2F5E-4E71-9DCE-1C6942877CDE}
		{917B349F-3A06-4361-B06C-F43D6048A14E} = {A5243FD6-69F6-4C48-8473-2722CEE600DB}
		{25DD1A23-737E-4AD5-BB34-F2847A8AAE85} = {A5243FD6-69F6-4C48-8473-2722CEE600DB}
		{CD35950F-E1EE-490B-84A2-36A2B4583586} = {A5243FD6-69F6-4C48-8473-2722CEE600DB}
		{B6265F2A-A265-48B0-B8D5-F6A3579FBCB3} = {87FC7CEF-7BE9-4FB0-8242-3A26DDBE5B14}
		{DCD72969-8167-432D-A1E5-349CACFBD706} = {87FC7CEF-7BE9-4FB0-8242-3A26DDBE5B14}
		{ED6FB5E2-5270-4F51-A81F-40C57FF891FB} = {19870FDA-9146-4C3F-9905-944614F32388}
		{19870FDA-9146-4C3F-9905-944614F32388} = {4301BE0B-59F7-49E3-9F4F-39F3E9786D62}
		{BAC436E6-93E2-452B-B93C-CCA80704ABDB} = {4301BE0B-59F7-49E3-9F4F-39F3E9786D62}
		{176E0B18-325C-412C-96DF-8AA5B35783C6} = {4301BE0B-59F7-49E3-9F4F-39F3E9786D62}
	EndGlobalSection
	GlobalSection(ExtensibilityGlobals) = postSolution
		SolutionGuid = {F7FF159F-452B-4843-BF53-F1A69306BB41}
	EndGlobalSection
EndGlobal
