
Microsoft Visual Studio Solution File, Format Version 12.00
# Visual Studio Version 17
VisualStudioVersion = 17.0.31903.59
MinimumVisualStudioVersion = 10.0.40219.1
Project("{9A19103F-16F7-4668-BE54-9A1E7A4F7556}") = "Example1", "Blazor\Example1\Example1.csproj", "{6F48DA46-1B1A-4796-AC32-983B75C2BDE6}"
EndProject
Project("{2150E333-8FDC-42A3-9474-1A3956D46DE8}") = "Blazor", "Blazor", "{3A20D106-2F5E-4E71-9DCE-1C6942877CDE}"
EndProject
Project("{9A19103F-16F7-4668-BE54-9A1E7A4F7556}") = "CacheSample", "CacheSample\CacheSample\CacheSample.csproj", "{EC717624-2950-42C9-B5F7-B16FF635059F}"
EndProject
Project("{2150E333-8FDC-42A3-9474-1A3956D46DE8}") = "gRPC", "gRPC", "{A5243FD6-69F6-4C48-8473-2722CEE600DB}"
EndProject
Project("{9A19103F-16F7-4668-BE54-9A1E7A4F7556}") = "GrpcCommon", "Grpc\GrpcCommon\GrpcCommon.csproj", "{917B349F-3A06-4361-B06C-F43D6048A14E}"
EndProject
Project("{9A19103F-16F7-4668-BE54-9A1E7A4F7556}") = "GrpcGreeterClient", "Grpc\GrpcGreeterClient\GrpcGreeterClient.csproj", "{25DD1A23-737E-4AD5-BB34-F2847A8AAE85}"
EndProject
Project("{9A19103F-16F7-4668-BE54-9A1E7A4F7556}") = "GrpcService", "Grpc\GrpcService\GrpcService.csproj", "{CD35950F-E1EE-490B-84A2-36A2B4583586}"
EndProject
Project("{9A19103F-16F7-4668-BE54-9A1E7A4F7556}") = "MediatR", "MediatR\MediatR\MediatR.csproj", "{ED6FB5E2-5270-4F51-A81F-40C57FF891FB}"
EndProject
Project("{9A19103F-16F7-4668-BE54-9A1E7A4F7556}") = "UlidPractice", "ThirdPartyPractice\UlidPractice\UlidPractice.csproj", "{BAC436E6-93E2-452B-B93C-CCA80704ABDB}"
EndProject
Project("{9A19103F-16F7-4668-BE54-9A1E7A4F7556}") = "RestSharpPractice", "ThirdPartyPractice\RestSharpPractice\RestSharpPractice.csproj", "{176E0B18-325C-412C-96DF-8AA5B35783C6}"
EndProject
Project("{9A19103F-16F7-4668-BE54-9A1E7A4F7556}") = "JwtPractice", "ThirdPartyPractice\JwtPractice\JwtPractice.csproj", "{75D5C951-8BE1-46FB-B1ED-DC6119F49A10}"
EndProject
Project("{9A19103F-16F7-4668-BE54-9A1E7A4F7556}") = "Client", "Net\Client\Client.csproj", "{FC7CF3ED-6229-458B-9529-B52B2F15212B}"
EndProject
Project("{2150E333-8FDC-42A3-9474-1A3956D46DE8}") = "Net", "Net", "{18205031-466A-49A6-9C5A-AB4AF3D4035F}"
EndProject
Project("{9A19103F-16F7-4668-BE54-9A1E7A4F7556}") = "WpfClient", "Net\WpfClient\WpfClient.csproj", "{467EACEB-A620-4FA8-8122-D43DB3CBF7AC}"
EndProject
Project("{FAE04EC0-301F-11D3-BF4B-00C04F79EFBC}") = "ChatSignalR", "SignalR\ChatSignalR\ChatSignalR.csproj", "{03289E59-B30B-4707-9FA0-7F77780882FA}"
EndProject
Project("{FAE04EC0-301F-11D3-BF4B-00C04F79EFBC}") = "HttpClientDemo", "HttpClientDemo\HttpClientDemo.csproj", "{808C3368-2D37-4B2D-84E6-8C55D944EADD}"
EndProject
Project("{FAE04EC0-301F-11D3-BF4B-00C04F79EFBC}") = "ReadAppSetting", "ReadAppSetting\ReadAppSetting.csproj", "{CFB78C83-5C19-4697-A5C5-045645B81594}"
EndProject
Project("{FAE04EC0-301F-11D3-BF4B-00C04F79EFBC}") = "MethodTime", "MethodTime\MethodTime.csproj", "{FD81DEF6-8D39-4FD2-ABC2-E12A47ED149E}"
EndProject
Project("{FAE04EC0-301F-11D3-BF4B-00C04F79EFBC}") = "Prometheus", "Prometheus\Prometheus.csproj", "{F060C04B-C267-4DA5-BFE3-A67FFAD46B6E}"
EndProject
Project("{2150E333-8FDC-42A3-9474-1A3956D46DE8}") = "RabbitMQ", "RabbitMQ", "{CA253A2C-E53B-400B-86D5-32B79D085EAE}"
EndProject
Project("{FAE04EC0-301F-11D3-BF4B-00C04F79EFBC}") = "RabbitMq.Common", "RabbitMq\RabbitMq.Common\RabbitMq.Common.csproj", "{8CC9847F-5C4B-4AA3-8575-FA7158F0BE5C}"
EndProject
Project("{FAE04EC0-301F-11D3-BF4B-00C04F79EFBC}") = "RabbitMqConsumerDemo", "RabbitMq\RabbitMqConsumerDemo\RabbitMqConsumerDemo.csproj", "{3FA4AF11-2695-44D0-9DE1-0C8D7FD62B3E}"
EndProject
Project("{FAE04EC0-301F-11D3-BF4B-00C04F79EFBC}") = "RabbitMqDemo", "RabbitMq\RabbitMqDemo\RabbitMqDemo.csproj", "{4EB2F4B5-AC97-4CC8-94D0-87939012075F}"
EndProject
Project("{2150E333-8FDC-42A3-9474-1A3956D46DE8}") = "EF", "EF", "{661D9481-B9C0-47D5-AF78-749409BA3987}"
EndProject
Project("{2150E333-8FDC-42A3-9474-1A3956D46DE8}") = "Solution Items", "Solution Items", "{D475E809-FED6-449D-9F1D-44018E2AFC17}"
	ProjectSection(SolutionItems) = preProject
		docker-compose.yml = docker-compose.yml
	EndProjectSection
EndProject
Project("{FAE04EC0-301F-11D3-BF4B-00C04F79EFBC}") = "EfDemo1", "EF\EfDemo1\EfDemo1.csproj", "{D0BAAF13-D064-43A4-BD42-CF7509D6B316}"
EndProject
Project("{FAE04EC0-301F-11D3-BF4B-00C04F79EFBC}") = "PollyDemo", "PollyDemo\PollyDemo.csproj", "{6FD50362-1E95-4198-87FD-F1DF5CA4F425}"
EndProject
Project("{FAE04EC0-301F-11D3-BF4B-00C04F79EFBC}") = "GlobalExceptionDemo", "GlobalExceptionDemo\GlobalExceptionDemo.csproj", "{39B5341D-2460-4309-89F5-962E044CC118}"
EndProject
Project("{FAE04EC0-301F-11D3-BF4B-00C04F79EFBC}") = "DemoApplication", "DemoApplication\DemoApplication.csproj", "{79820BBF-7CE2-4D2B-BE8A-0F1991060E5A}"
EndProject
Project("{FAE04EC0-301F-11D3-BF4B-00C04F79EFBC}") = "DemoDomain", "DemoDomain\DemoDomain.csproj", "{D31BE105-90E7-42D1-A730-DAEAA47D000D}"
EndProject
Project("{FAE04EC0-301F-11D3-BF4B-00C04F79EFBC}") = "DemoInfrastructure", "DemoInfrastructure\DemoInfrastructure.csproj", "{105FAE21-410F-47AF-B3BE-3D0EDC8D04EF}"
EndProject
Global
	GlobalSection(SolutionConfigurationPlatforms) = preSolution
		Debug|Any CPU = Debug|Any CPU
		Release|Any CPU = Release|Any CPU
	EndGlobalSection
	GlobalSection(ProjectConfigurationPlatforms) = postSolution
		{6F48DA46-1B1A-4796-AC32-983B75C2BDE6}.Debug|Any CPU.ActiveCfg = Debug|Any CPU
		{6F48DA46-1B1A-4796-AC32-983B75C2BDE6}.Debug|Any CPU.Build.0 = Debug|Any CPU
		{6F48DA46-1B1A-4796-AC32-983B75C2BDE6}.Release|Any CPU.ActiveCfg = Release|Any CPU
		{6F48DA46-1B1A-4796-AC32-983B75C2BDE6}.Release|Any CPU.Build.0 = Release|Any CPU
		{EC717624-2950-42C9-B5F7-B16FF635059F}.Debug|Any CPU.ActiveCfg = Debug|Any CPU
		{EC717624-2950-42C9-B5F7-B16FF635059F}.Debug|Any CPU.Build.0 = Debug|Any CPU
		{EC717624-2950-42C9-B5F7-B16FF635059F}.Release|Any CPU.ActiveCfg = Release|Any CPU
		{EC717624-2950-42C9-B5F7-B16FF635059F}.Release|Any CPU.Build.0 = Release|Any CPU
		{917B349F-3A06-4361-B06C-F43D6048A14E}.Debug|Any CPU.ActiveCfg = Debug|Any CPU
		{917B349F-3A06-4361-B06C-F43D6048A14E}.Debug|Any CPU.Build.0 = Debug|Any CPU
		{917B349F-3A06-4361-B06C-F43D6048A14E}.Release|Any CPU.ActiveCfg = Release|Any CPU
		{917B349F-3A06-4361-B06C-F43D6048A14E}.Release|Any CPU.Build.0 = Release|Any CPU
		{25DD1A23-737E-4AD5-BB34-F2847A8AAE85}.Debug|Any CPU.ActiveCfg = Debug|Any CPU
		{25DD1A23-737E-4AD5-BB34-F2847A8AAE85}.Debug|Any CPU.Build.0 = Debug|Any CPU
		{25DD1A23-737E-4AD5-BB34-F2847A8AAE85}.Release|Any CPU.ActiveCfg = Release|Any CPU
		{25DD1A23-737E-4AD5-BB34-F2847A8AAE85}.Release|Any CPU.Build.0 = Release|Any CPU
		{CD35950F-E1EE-490B-84A2-36A2B4583586}.Debug|Any CPU.ActiveCfg = Debug|Any CPU
		{CD35950F-E1EE-490B-84A2-36A2B4583586}.Debug|Any CPU.Build.0 = Debug|Any CPU
		{CD35950F-E1EE-490B-84A2-36A2B4583586}.Release|Any CPU.ActiveCfg = Release|Any CPU
		{CD35950F-E1EE-490B-84A2-36A2B4583586}.Release|Any CPU.Build.0 = Release|Any CPU
		{ED6FB5E2-5270-4F51-A81F-40C57FF891FB}.Debug|Any CPU.ActiveCfg = Debug|Any CPU
		{ED6FB5E2-5270-4F51-A81F-40C57FF891FB}.Debug|Any CPU.Build.0 = Debug|Any CPU
		{ED6FB5E2-5270-4F51-A81F-40C57FF891FB}.Release|Any CPU.ActiveCfg = Release|Any CPU
		{ED6FB5E2-5270-4F51-A81F-40C57FF891FB}.Release|Any CPU.Build.0 = Release|Any CPU
		{BAC436E6-93E2-452B-B93C-CCA80704ABDB}.Debug|Any CPU.ActiveCfg = Debug|Any CPU
		{BAC436E6-93E2-452B-B93C-CCA80704ABDB}.Debug|Any CPU.Build.0 = Debug|Any CPU
		{BAC436E6-93E2-452B-B93C-CCA80704ABDB}.Release|Any CPU.ActiveCfg = Release|Any CPU
		{BAC436E6-93E2-452B-B93C-CCA80704ABDB}.Release|Any CPU.Build.0 = Release|Any CPU
		{176E0B18-325C-412C-96DF-8AA5B35783C6}.Debug|Any CPU.ActiveCfg = Debug|Any CPU
		{176E0B18-325C-412C-96DF-8AA5B35783C6}.Debug|Any CPU.Build.0 = Debug|Any CPU
		{176E0B18-325C-412C-96DF-8AA5B35783C6}.Release|Any CPU.ActiveCfg = Release|Any CPU
		{176E0B18-325C-412C-96DF-8AA5B35783C6}.Release|Any CPU.Build.0 = Release|Any CPU
		{75D5C951-8BE1-46FB-B1ED-DC6119F49A10}.Debug|Any CPU.ActiveCfg = Debug|Any CPU
		{75D5C951-8BE1-46FB-B1ED-DC6119F49A10}.Debug|Any CPU.Build.0 = Debug|Any CPU
		{75D5C951-8BE1-46FB-B1ED-DC6119F49A10}.Release|Any CPU.ActiveCfg = Release|Any CPU
		{75D5C951-8BE1-46FB-B1ED-DC6119F49A10}.Release|Any CPU.Build.0 = Release|Any CPU
		{FC7CF3ED-6229-458B-9529-B52B2F15212B}.Debug|Any CPU.ActiveCfg = Debug|Any CPU
		{FC7CF3ED-6229-458B-9529-B52B2F15212B}.Debug|Any CPU.Build.0 = Debug|Any CPU
		{FC7CF3ED-6229-458B-9529-B52B2F15212B}.Release|Any CPU.ActiveCfg = Release|Any CPU
		{FC7CF3ED-6229-458B-9529-B52B2F15212B}.Release|Any CPU.Build.0 = Release|Any CPU
		{467EACEB-A620-4FA8-8122-D43DB3CBF7AC}.Debug|Any CPU.ActiveCfg = Debug|Any CPU
		{467EACEB-A620-4FA8-8122-D43DB3CBF7AC}.Debug|Any CPU.Build.0 = Debug|Any CPU
		{467EACEB-A620-4FA8-8122-D43DB3CBF7AC}.Release|Any CPU.ActiveCfg = Release|Any CPU
		{467EACEB-A620-4FA8-8122-D43DB3CBF7AC}.Release|Any CPU.Build.0 = Release|Any CPU
		{03289E59-B30B-4707-9FA0-7F77780882FA}.Debug|Any CPU.ActiveCfg = Debug|Any CPU
		{03289E59-B30B-4707-9FA0-7F77780882FA}.Debug|Any CPU.Build.0 = Debug|Any CPU
		{03289E59-B30B-4707-9FA0-7F77780882FA}.Release|Any CPU.ActiveCfg = Release|Any CPU
		{03289E59-B30B-4707-9FA0-7F77780882FA}.Release|Any CPU.Build.0 = Release|Any CPU
		{808C3368-2D37-4B2D-84E6-8C55D944EADD}.Debug|Any CPU.ActiveCfg = Debug|Any CPU
		{808C3368-2D37-4B2D-84E6-8C55D944EADD}.Debug|Any CPU.Build.0 = Debug|Any CPU
		{808C3368-2D37-4B2D-84E6-8C55D944EADD}.Release|Any CPU.ActiveCfg = Release|Any CPU
		{808C3368-2D37-4B2D-84E6-8C55D944EADD}.Release|Any CPU.Build.0 = Release|Any CPU
		{CFB78C83-5C19-4697-A5C5-045645B81594}.Debug|Any CPU.ActiveCfg = Debug|Any CPU
		{CFB78C83-5C19-4697-A5C5-045645B81594}.Debug|Any CPU.Build.0 = Debug|Any CPU
		{CFB78C83-5C19-4697-A5C5-045645B81594}.Release|Any CPU.ActiveCfg = Release|Any CPU
		{CFB78C83-5C19-4697-A5C5-045645B81594}.Release|Any CPU.Build.0 = Release|Any CPU
		{FD81DEF6-8D39-4FD2-ABC2-E12A47ED149E}.Debug|Any CPU.ActiveCfg = Debug|Any CPU
		{FD81DEF6-8D39-4FD2-ABC2-E12A47ED149E}.Debug|Any CPU.Build.0 = Debug|Any CPU
		{FD81DEF6-8D39-4FD2-ABC2-E12A47ED149E}.Release|Any CPU.ActiveCfg = Release|Any CPU
		{FD81DEF6-8D39-4FD2-ABC2-E12A47ED149E}.Release|Any CPU.Build.0 = Release|Any CPU
		{F060C04B-C267-4DA5-BFE3-A67FFAD46B6E}.Debug|Any CPU.ActiveCfg = Debug|Any CPU
		{F060C04B-C267-4DA5-BFE3-A67FFAD46B6E}.Debug|Any CPU.Build.0 = Debug|Any CPU
		{F060C04B-C267-4DA5-BFE3-A67FFAD46B6E}.Release|Any CPU.ActiveCfg = Release|Any CPU
		{F060C04B-C267-4DA5-BFE3-A67FFAD46B6E}.Release|Any CPU.Build.0 = Release|Any CPU
		{8CC9847F-5C4B-4AA3-8575-FA7158F0BE5C}.Debug|Any CPU.ActiveCfg = Debug|Any CPU
		{8CC9847F-5C4B-4AA3-8575-FA7158F0BE5C}.Debug|Any CPU.Build.0 = Debug|Any CPU
		{8CC9847F-5C4B-4AA3-8575-FA7158F0BE5C}.Release|Any CPU.ActiveCfg = Release|Any CPU
		{8CC9847F-5C4B-4AA3-8575-FA7158F0BE5C}.Release|Any CPU.Build.0 = Release|Any CPU
		{3FA4AF11-2695-44D0-9DE1-0C8D7FD62B3E}.Debug|Any CPU.ActiveCfg = Debug|Any CPU
		{3FA4AF11-2695-44D0-9DE1-0C8D7FD62B3E}.Debug|Any CPU.Build.0 = Debug|Any CPU
		{3FA4AF11-2695-44D0-9DE1-0C8D7FD62B3E}.Release|Any CPU.ActiveCfg = Release|Any CPU
		{3FA4AF11-2695-44D0-9DE1-0C8D7FD62B3E}.Release|Any CPU.Build.0 = Release|Any CPU
		{4EB2F4B5-AC97-4CC8-94D0-87939012075F}.Debug|Any CPU.ActiveCfg = Debug|Any CPU
		{4EB2F4B5-AC97-4CC8-94D0-87939012075F}.Debug|Any CPU.Build.0 = Debug|Any CPU
		{4EB2F4B5-AC97-4CC8-94D0-87939012075F}.Release|Any CPU.ActiveCfg = Release|Any CPU
		{4EB2F4B5-AC97-4CC8-94D0-87939012075F}.Release|Any CPU.Build.0 = Release|Any CPU
		{D0BAAF13-D064-43A4-BD42-CF7509D6B316}.Debug|Any CPU.ActiveCfg = Debug|Any CPU
		{D0BAAF13-D064-43A4-BD42-CF7509D6B316}.Debug|Any CPU.Build.0 = Debug|Any CPU
		{D0BAAF13-D064-43A4-BD42-CF7509D6B316}.Release|Any CPU.ActiveCfg = Release|Any CPU
		{D0BAAF13-D064-43A4-BD42-CF7509D6B316}.Release|Any CPU.Build.0 = Release|Any CPU
		{6FD50362-1E95-4198-87FD-F1DF5CA4F425}.Debug|Any CPU.ActiveCfg = Debug|Any CPU
		{6FD50362-1E95-4198-87FD-F1DF5CA4F425}.Debug|Any CPU.Build.0 = Debug|Any CPU
		{6FD50362-1E95-4198-87FD-F1DF5CA4F425}.Release|Any CPU.ActiveCfg = Release|Any CPU
		{6FD50362-1E95-4198-87FD-F1DF5CA4F425}.Release|Any CPU.Build.0 = Release|Any CPU
		{39B5341D-2460-4309-89F5-962E044CC118}.Debug|Any CPU.ActiveCfg = Debug|Any CPU
		{39B5341D-2460-4309-89F5-962E044CC118}.Debug|Any CPU.Build.0 = Debug|Any CPU
		{39B5341D-2460-4309-89F5-962E044CC118}.Release|Any CPU.ActiveCfg = Release|Any CPU
		{39B5341D-2460-4309-89F5-962E044CC118}.Release|Any CPU.Build.0 = Release|Any CPU
		{79820BBF-7CE2-4D2B-BE8A-0F1991060E5A}.Debug|Any CPU.ActiveCfg = Debug|Any CPU
		{79820BBF-7CE2-4D2B-BE8A-0F1991060E5A}.Debug|Any CPU.Build.0 = Debug|Any CPU
		{79820BBF-7CE2-4D2B-BE8A-0F1991060E5A}.Release|Any CPU.ActiveCfg = Release|Any CPU
		{79820BBF-7CE2-4D2B-BE8A-0F1991060E5A}.Release|Any CPU.Build.0 = Release|Any CPU
		{D31BE105-90E7-42D1-A730-DAEAA47D000D}.Debug|Any CPU.ActiveCfg = Debug|Any CPU
		{D31BE105-90E7-42D1-A730-DAEAA47D000D}.Debug|Any CPU.Build.0 = Debug|Any CPU
		{D31BE105-90E7-42D1-A730-DAEAA47D000D}.Release|Any CPU.ActiveCfg = Release|Any CPU
		{D31BE105-90E7-42D1-A730-DAEAA47D000D}.Release|Any CPU.Build.0 = Release|Any CPU
		{105FAE21-410F-47AF-B3BE-3D0EDC8D04EF}.Debug|Any CPU.ActiveCfg = Debug|Any CPU
		{105FAE21-410F-47AF-B3BE-3D0EDC8D04EF}.Debug|Any CPU.Build.0 = Debug|Any CPU
		{105FAE21-410F-47AF-B3BE-3D0EDC8D04EF}.Release|Any CPU.ActiveCfg = Release|Any CPU
		{105FAE21-410F-47AF-B3BE-3D0EDC8D04EF}.Release|Any CPU.Build.0 = Release|Any CPU
	EndGlobalSection
	GlobalSection(SolutionProperties) = preSolution
		HideSolutionNode = FALSE
	EndGlobalSection
	GlobalSection(NestedProjects) = preSolution
		{6F48DA46-1B1A-4796-AC32-983B75C2BDE6} = {3A20D106-2F5E-4E71-9DCE-1C6942877CDE}
		{917B349F-3A06-4361-B06C-F43D6048A14E} = {A5243FD6-69F6-4C48-8473-2722CEE600DB}
		{25DD1A23-737E-4AD5-BB34-F2847A8AAE85} = {A5243FD6-69F6-4C48-8473-2722CEE600DB}
		{CD35950F-E1EE-490B-84A2-36A2B4583586} = {A5243FD6-69F6-4C48-8473-2722CEE600DB}
		{FC7CF3ED-6229-458B-9529-B52B2F15212B} = {18205031-466A-49A6-9C5A-AB4AF3D4035F}
		{467EACEB-A620-4FA8-8122-D43DB3CBF7AC} = {18205031-466A-49A6-9C5A-AB4AF3D4035F}
		{8CC9847F-5C4B-4AA3-8575-FA7158F0BE5C} = {CA253A2C-E53B-400B-86D5-32B79D085EAE}
		{3FA4AF11-2695-44D0-9DE1-0C8D7FD62B3E} = {CA253A2C-E53B-400B-86D5-32B79D085EAE}
		{4EB2F4B5-AC97-4CC8-94D0-87939012075F} = {CA253A2C-E53B-400B-86D5-32B79D085EAE}
		{D0BAAF13-D064-43A4-BD42-CF7509D6B316} = {661D9481-B9C0-47D5-AF78-749409BA3987}
	EndGlobalSection
	GlobalSection(ExtensibilityGlobals) = postSolution
		SolutionGuid = {F7FF159F-452B-4843-BF53-F1A69306BB41}
	EndGlobalSection
EndGlobal
