
Microsoft Visual Studio Solution File, Format Version 12.00
# Visual Studio Version 17
VisualStudioVersion = 17.4.33213.308
MinimumVisualStudioVersion = 10.0.40219.1
Project("{FAE04EC0-301F-11D3-BF4B-00C04F79EFBC}") = "WebApiDemo", "WebApiDemo\WebApiDemo.csproj", "{89E590C7-A5F5-4E7F-A30E-0B8752277162}"
EndProject
Project("{2150E333-8FDC-42A3-9474-1A3956D46DE8}") = "솔루션 항목", "솔루션 항목", "{FE404525-4A96-45EA-932A-7FC878A5CC6A}"
	ProjectSection(SolutionItems) = preProject
		.editorconfig = .editorconfig
		.gitignore = .gitignore
	EndProjectSection
EndProject
Global
	GlobalSection(SolutionConfigurationPlatforms) = preSolution
		Debug|Any CPU = Debug|Any CPU
		Release|Any CPU = Release|Any CPU
	EndGlobalSection
	GlobalSection(ProjectConfigurationPlatforms) = postSolution
		{89E590C7-A5F5-4E7F-A30E-0B8752277162}.Debug|Any CPU.ActiveCfg = Debug|Any CPU
		{89E590C7-A5F5-4E7F-A30E-0B8752277162}.Debug|Any CPU.Build.0 = Debug|Any CPU
		{89E590C7-A5F5-4E7F-A30E-0B8752277162}.Release|Any CPU.ActiveCfg = Release|Any CPU
		{89E590C7-A5F5-4E7F-A30E-0B8752277162}.Release|Any CPU.Build.0 = Release|Any CPU
	EndGlobalSection
	GlobalSection(SolutionProperties) = preSolution
		HideSolutionNode = FALSE
	EndGlobalSection
	GlobalSection(ExtensibilityGlobals) = postSolution
		SolutionGuid = {EB8B091D-3B37-4B34-9EF9-EB7E4A88FD31}
	EndGlobalSection
EndGlobal
