
Microsoft Visual Studio Solution File, Format Version 12.00
# Visual Studio Version 17
VisualStudioVersion = 17.4.33213.308
MinimumVisualStudioVersion = 10.0.40219.1
Project("{9A19103F-16F7-4668-BE54-9A1E7A4F7556}") = "WebApiDemo", "WebApiDemo\WebApiDemo.csproj", "{89E590C7-A5F5-4E7F-A30E-0B8752277162}"
EndProject
Project("{2150E333-8FDC-42A3-9474-1A3956D46DE8}") = "솔루션 항목", "솔루션 항목", "{FE404525-4A96-45EA-932A-7FC878A5CC6A}"
	ProjectSection(SolutionItems) = preProject
		.editorconfig = .editorconfig
		.gitignore = .gitignore
		Account.sql = Account.sql
		README.md = README.md
	EndProjectSection
EndProject
Project("{FAE04EC0-301F-11D3-BF4B-00C04F79EFBC}") = "WebApiDomain", "WebApiDomain\WebApiDomain.csproj", "{FB20E977-DF7D-4971-930A-C46D0AAC7E1E}"
EndProject
Project("{FAE04EC0-301F-11D3-BF4B-00C04F79EFBC}") = "WebApiApplication", "WebApiApplication\WebApiApplication.csproj", "{9165D6A5-87E4-4A1B-BA0B-17F466EC4139}"
EndProject
Project("{FAE04EC0-301F-11D3-BF4B-00C04F79EFBC}") = "WebApiInfrastructure", "WebApiInfrastructure\WebApiInfrastructure.csproj", "{EC7AA3A3-8EFD-4095-BA34-1BDD151F69E5}"
EndProject
Project("{2150E333-8FDC-42A3-9474-1A3956D46DE8}") = "StressTest", "StressTest", "{52C2FA92-4248-44AD-BEEA-FFC2AE2852F7}"
	ProjectSection(SolutionItems) = preProject
		StressTest\README.md = StressTest\README.md
		StressTest\stressTest.js = StressTest\stressTest.js
	EndProjectSection
EndProject
Global
	GlobalSection(SolutionConfigurationPlatforms) = preSolution
		Debug|Any CPU = Debug|Any CPU
		Release|Any CPU = Release|Any CPU
	EndGlobalSection
	GlobalSection(ProjectConfigurationPlatforms) = postSolution
		{89E590C7-A5F5-4E7F-A30E-0B8752277162}.Debug|Any CPU.ActiveCfg = Debug|Any CPU
		{89E590C7-A5F5-4E7F-A30E-0B8752277162}.Debug|Any CPU.Build.0 = Debug|Any CPU
		{89E590C7-A5F5-4E7F-A30E-0B8752277162}.Release|Any CPU.ActiveCfg = Release|Any CPU
		{89E590C7-A5F5-4E7F-A30E-0B8752277162}.Release|Any CPU.Build.0 = Release|Any CPU
		{FB20E977-DF7D-4971-930A-C46D0AAC7E1E}.Debug|Any CPU.ActiveCfg = Debug|Any CPU
		{FB20E977-DF7D-4971-930A-C46D0AAC7E1E}.Debug|Any CPU.Build.0 = Debug|Any CPU
		{FB20E977-DF7D-4971-930A-C46D0AAC7E1E}.Release|Any CPU.ActiveCfg = Release|Any CPU
		{FB20E977-DF7D-4971-930A-C46D0AAC7E1E}.Release|Any CPU.Build.0 = Release|Any CPU
		{9165D6A5-87E4-4A1B-BA0B-17F466EC4139}.Debug|Any CPU.ActiveCfg = Debug|Any CPU
		{9165D6A5-87E4-4A1B-BA0B-17F466EC4139}.Debug|Any CPU.Build.0 = Debug|Any CPU
		{9165D6A5-87E4-4A1B-BA0B-17F466EC4139}.Release|Any CPU.ActiveCfg = Release|Any CPU
		{9165D6A5-87E4-4A1B-BA0B-17F466EC4139}.Release|Any CPU.Build.0 = Release|Any CPU
		{EC7AA3A3-8EFD-4095-BA34-1BDD151F69E5}.Debug|Any CPU.ActiveCfg = Debug|Any CPU
		{EC7AA3A3-8EFD-4095-BA34-1BDD151F69E5}.Debug|Any CPU.Build.0 = Debug|Any CPU
		{EC7AA3A3-8EFD-4095-BA34-1BDD151F69E5}.Release|Any CPU.ActiveCfg = Release|Any CPU
		{EC7AA3A3-8EFD-4095-BA34-1BDD151F69E5}.Release|Any CPU.Build.0 = Release|Any CPU
	EndGlobalSection
	GlobalSection(SolutionProperties) = preSolution
		HideSolutionNode = FALSE
	EndGlobalSection
	GlobalSection(NestedProjects) = preSolution
		{52C2FA92-4248-44AD-BEEA-FFC2AE2852F7} = {FE404525-4A96-45EA-932A-7FC878A5CC6A}
	EndGlobalSection
	GlobalSection(ExtensibilityGlobals) = postSolution
		SolutionGuid = {EB8B091D-3B37-4B34-9EF9-EB7E4A88FD31}
	EndGlobalSection
EndGlobal
