{
    "name": "com.github.yoshidan.unibt",
    "version": "1.0.0",
    "lockfileVersion": 3,
    "requires": true,
    "packages": {
        "": {
            "name": "com.github.yoshidan.unibt",
            "version": "1.0.0",
            "dependencies": {
                "com.github.yoshidan.unibt": "file:"
            }
        },
        "node_modules/com.github.yoshidan.unibt": {
            "resolved": "",
            "link": true
        }
    }
}
