Microsoft Visual Studio Solution File, Format Version 12.00
# Visual Studio Version 17
VisualStudioVersion = 17.8.0.0
MinimumVisualStudioVersion = 17.8.0.0
Project("{9A19103F-16F7-4668-BE54-9A1E7A4F7556}") = "NET8.AppHost", "NET8.AppHost\NET8.AppHost.csproj", "{2EFB1FA7-DA35-4913-8F1A-5D0D929FCE4D}"
EndProject
Project("{9A19103F-16F7-4668-BE54-9A1E7A4F7556}") = "NET8.ServiceDefaults", "NET8.ServiceDefaults\NET8.ServiceDefaults.csproj", "{87EBFCF2-9347-4C9A-92D6-EA1C8A9DD4D4}"
EndProject
Project("{9A19103F-16F7-4668-BE54-9A1E7A4F7556}") = "NET8.ApiService", "NET8.ApiService\NET8.ApiService.csproj", "{BBA87561-5115-40B0-B4B2-18D631B7DE5F}"
EndProject
Project("{9A19103F-16F7-4668-BE54-9A1E7A4F7556}") = "NET8.Web", "NET8.Web\NET8.Web.csproj", "{26647998-AA13-433D-B70B-3C9066F1DC0C}"
EndProject
Global
	GlobalSection(SolutionConfigurationPlatforms) = preSolution
		Debug|Any CPU = Debug|Any CPU
		Release|Any CPU = Release|Any CPU
	EndGlobalSection
	GlobalSection(ProjectConfigurationPlatforms) = postSolution
		{2EFB1FA7-DA35-4913-8F1A-5D0D929FCE4D}.Debug|Any CPU.ActiveCfg = Debug|Any CPU
		{2EFB1FA7-DA35-4913-8F1A-5D0D929FCE4D}.Debug|Any CPU.Build.0 = Debug|Any CPU
		{2EFB1FA7-DA35-4913-8F1A-5D0D929FCE4D}.Release|Any CPU.ActiveCfg = Release|Any CPU
		{2EFB1FA7-DA35-4913-8F1A-5D0D929FCE4D}.Release|Any CPU.Build.0 = Release|Any CPU
		{87EBFCF2-9347-4C9A-92D6-EA1C8A9DD4D4}.Debug|Any CPU.ActiveCfg = Debug|Any CPU
		{87EBFCF2-9347-4C9A-92D6-EA1C8A9DD4D4}.Debug|Any CPU.Build.0 = Debug|Any CPU
		{87EBFCF2-9347-4C9A-92D6-EA1C8A9DD4D4}.Release|Any CPU.ActiveCfg = Release|Any CPU
		{87EBFCF2-9347-4C9A-92D6-EA1C8A9DD4D4}.Release|Any CPU.Build.0 = Release|Any CPU
		{BBA87561-5115-40B0-B4B2-18D631B7DE5F}.Debug|Any CPU.ActiveCfg = Debug|Any CPU
		{BBA87561-5115-40B0-B4B2-18D631B7DE5F}.Debug|Any CPU.Build.0 = Debug|Any CPU
		{BBA87561-5115-40B0-B4B2-18D631B7DE5F}.Release|Any CPU.ActiveCfg = Release|Any CPU
		{BBA87561-5115-40B0-B4B2-18D631B7DE5F}.Release|Any CPU.Build.0 = Release|Any CPU
		{26647998-AA13-433D-B70B-3C9066F1DC0C}.Debug|Any CPU.ActiveCfg = Debug|Any CPU
		{26647998-AA13-433D-B70B-3C9066F1DC0C}.Debug|Any CPU.Build.0 = Debug|Any CPU
		{26647998-AA13-433D-B70B-3C9066F1DC0C}.Release|Any CPU.ActiveCfg = Release|Any CPU
		{26647998-AA13-433D-B70B-3C9066F1DC0C}.Release|Any CPU.Build.0 = Release|Any CPU
	EndGlobalSection
	GlobalSection(SolutionProperties) = preSolution
		HideSolutionNode = FALSE
	EndGlobalSection
	GlobalSection(ExtensibilityGlobals) = postSolution
		SolutionGuid = {C496DEF7-3151-4F4E-88EE-DA16D8A24DF0}
	EndGlobalSection
EndGlobal