
Microsoft Visual Studio Solution File, Format Version 12.00
# Visual Studio Version 17
VisualStudioVersion = 17.9.34728.123
MinimumVisualStudioVersion = 10.0.40219.1
Project("{9A19103F-16F7-4668-BE54-9A1E7A4F7556}") = "WebDemo", "WebDemo\WebDemo.csproj", "{5B711534-E784-48C1-A393-D81D76CCFF20}"
EndProject
Project("{9A19103F-16F7-4668-BE54-9A1E7A4F7556}") = "WebDemo.Domain", "WebDemo.Domain\WebDemo.Domain.csproj", "{64088344-9605-4CF6-89B5-0D4890CD65E6}"
EndProject
Project("{9A19103F-16F7-4668-BE54-9A1E7A4F7556}") = "WebDemo.Infra", "WebDemo.Infra\WebDemo.Infra.csproj", "{040E0982-E4F3-44C1-922E-5D146BF7B6A2}"
EndProject
Project("{9A19103F-16F7-4668-BE54-9A1E7A4F7556}") = "WebDemo.Application", "WebDemo.Application\WebDemo.Application.csproj", "{7F5BB0A4-FED6-43C0-88A6-9B18CA30C16D}"
EndProject
Project("{2150E333-8FDC-42A3-9474-1A3956D46DE8}") = "솔루션 항목", "솔루션 항목", "{005B9F36-DB74-42FF-9D48-949DCB5DB52C}"
	ProjectSection(SolutionItems) = preProject
		.dockerignore = .dockerignore
		build-blazor-demo.sh = build-blazor-demo.sh
		build-fluent-blazor-demo.sh = build-fluent-blazor-demo.sh
		build-web-demo.sh = build-web-demo.sh
		DockerfileBlazorDemo = DockerfileBlazorDemo
		DockerfileFluentBlazorDemo = DockerfileFluentBlazorDemo
		DockerfileWebDemo = DockerfileWebDemo
	EndProjectSection
EndProject
Project("{FAE04EC0-301F-11D3-BF4B-00C04F79EFBC}") = "MassTransitPub", "MassTransitPub\MassTransitPub.csproj", "{94CFA5E0-B46B-497C-B575-27C192C07226}"
EndProject
Project("{FAE04EC0-301F-11D3-BF4B-00C04F79EFBC}") = "WebDemoConsumer", "WebDemoConsumer\WebDemoConsumer.csproj", "{5B98FFAC-8725-4662-9D29-A9D78B49DA25}"
EndProject
Global
	GlobalSection(SolutionConfigurationPlatforms) = preSolution
		Debug|Any CPU = Debug|Any CPU
		Release|Any CPU = Release|Any CPU
	EndGlobalSection
	GlobalSection(ProjectConfigurationPlatforms) = postSolution
		{5B711534-E784-48C1-A393-D81D76CCFF20}.Debug|Any CPU.ActiveCfg = Debug|Any CPU
		{5B711534-E784-48C1-A393-D81D76CCFF20}.Debug|Any CPU.Build.0 = Debug|Any CPU
		{5B711534-E784-48C1-A393-D81D76CCFF20}.Release|Any CPU.ActiveCfg = Release|Any CPU
		{5B711534-E784-48C1-A393-D81D76CCFF20}.Release|Any CPU.Build.0 = Release|Any CPU
		{64088344-9605-4CF6-89B5-0D4890CD65E6}.Debug|Any CPU.ActiveCfg = Debug|Any CPU
		{64088344-9605-4CF6-89B5-0D4890CD65E6}.Debug|Any CPU.Build.0 = Debug|Any CPU
		{64088344-9605-4CF6-89B5-0D4890CD65E6}.Release|Any CPU.ActiveCfg = Release|Any CPU
		{64088344-9605-4CF6-89B5-0D4890CD65E6}.Release|Any CPU.Build.0 = Release|Any CPU
		{040E0982-E4F3-44C1-922E-5D146BF7B6A2}.Debug|Any CPU.ActiveCfg = Debug|Any CPU
		{040E0982-E4F3-44C1-922E-5D146BF7B6A2}.Debug|Any CPU.Build.0 = Debug|Any CPU
		{040E0982-E4F3-44C1-922E-5D146BF7B6A2}.Release|Any CPU.ActiveCfg = Release|Any CPU
		{040E0982-E4F3-44C1-922E-5D146BF7B6A2}.Release|Any CPU.Build.0 = Release|Any CPU
		{7F5BB0A4-FED6-43C0-88A6-9B18CA30C16D}.Debug|Any CPU.ActiveCfg = Debug|Any CPU
		{7F5BB0A4-FED6-43C0-88A6-9B18CA30C16D}.Debug|Any CPU.Build.0 = Debug|Any CPU
		{7F5BB0A4-FED6-43C0-88A6-9B18CA30C16D}.Release|Any CPU.ActiveCfg = Release|Any CPU
		{7F5BB0A4-FED6-43C0-88A6-9B18CA30C16D}.Release|Any CPU.Build.0 = Release|Any CPU
		{94CFA5E0-B46B-497C-B575-27C192C07226}.Debug|Any CPU.ActiveCfg = Debug|Any CPU
		{94CFA5E0-B46B-497C-B575-27C192C07226}.Debug|Any CPU.Build.0 = Debug|Any CPU
		{94CFA5E0-B46B-497C-B575-27C192C07226}.Release|Any CPU.ActiveCfg = Release|Any CPU
		{94CFA5E0-B46B-497C-B575-27C192C07226}.Release|Any CPU.Build.0 = Release|Any CPU
		{5B98FFAC-8725-4662-9D29-A9D78B49DA25}.Debug|Any CPU.ActiveCfg = Debug|Any CPU
		{5B98FFAC-8725-4662-9D29-A9D78B49DA25}.Debug|Any CPU.Build.0 = Debug|Any CPU
		{5B98FFAC-8725-4662-9D29-A9D78B49DA25}.Release|Any CPU.ActiveCfg = Release|Any CPU
		{5B98FFAC-8725-4662-9D29-A9D78B49DA25}.Release|Any CPU.Build.0 = Release|Any CPU
	EndGlobalSection
	GlobalSection(SolutionProperties) = preSolution
		HideSolutionNode = FALSE
	EndGlobalSection
	GlobalSection(ExtensibilityGlobals) = postSolution
		SolutionGuid = {0C68491D-C4B6-44D8-A352-FC09BF11122C}
	EndGlobalSection
EndGlobal
