
Microsoft Visual Studio Solution File, Format Version 12.00
# Visual Studio 15
Project("{FAE04EC0-301F-11D3-BF4B-00C04F79EFBC}") = "Unity.AI.Navigation.Samples", "Unity.AI.Navigation.Samples.csproj", "{D5882D8C-CCD1-7776-E03F-D31398BBE5B1}"
EndProject
Project("{FAE04EC0-301F-11D3-BF4B-00C04F79EFBC}") = "Assembly-CSharp", "Assembly-CSharp.csproj", "{5C5A758D-9CAE-C586-67A2-AFA743B37560}"
EndProject
Project("{FAE04EC0-301F-11D3-BF4B-00C04F79EFBC}") = "Assembly-CSharp-Editor", "Assembly-CSharp-Editor.csproj", "{C87A5162-27DA-D4EA-7AC8-6CF152A7091A}"
EndProject
Project("{FAE04EC0-301F-11D3-BF4B-00C04F79EFBC}") = "Unity.AI.Navigation.Samples.Editor", "Unity.AI.Navigation.Samples.Editor.csproj", "{632FA50E-81A3-9DE7-270B-56512F85FC50}"
EndProject
Global
	GlobalSection(SolutionConfigurationPlatforms) = preSolution
		Debug|Any CPU = Debug|Any CPU
		Release|Any CPU = Release|Any CPU
	EndGlobalSection
	GlobalSection(ProjectConfigurationPlatforms) = postSolution
		{D5882D8C-CCD1-7776-E03F-D31398BBE5B1}.Debug|Any CPU.ActiveCfg = Debug|Any CPU
		{D5882D8C-CCD1-7776-E03F-D31398BBE5B1}.Debug|Any CPU.Build.0 = Debug|Any CPU
		{D5882D8C-CCD1-7776-E03F-D31398BBE5B1}.Release|Any CPU.ActiveCfg = Release|Any CPU
		{D5882D8C-CCD1-7776-E03F-D31398BBE5B1}.Release|Any CPU.Build.0 = Release|Any CPU
		{5C5A758D-9CAE-C586-67A2-AFA743B37560}.Debug|Any CPU.ActiveCfg = Debug|Any CPU
		{5C5A758D-9CAE-C586-67A2-AFA743B37560}.Debug|Any CPU.Build.0 = Debug|Any CPU
		{5C5A758D-9CAE-C586-67A2-AFA743B37560}.Release|Any CPU.ActiveCfg = Release|Any CPU
		{5C5A758D-9CAE-C586-67A2-AFA743B37560}.Release|Any CPU.Build.0 = Release|Any CPU
		{C87A5162-27DA-D4EA-7AC8-6CF152A7091A}.Debug|Any CPU.ActiveCfg = Debug|Any CPU
		{C87A5162-27DA-D4EA-7AC8-6CF152A7091A}.Debug|Any CPU.Build.0 = Debug|Any CPU
		{C87A5162-27DA-D4EA-7AC8-6CF152A7091A}.Release|Any CPU.ActiveCfg = Release|Any CPU
		{C87A5162-27DA-D4EA-7AC8-6CF152A7091A}.Release|Any CPU.Build.0 = Release|Any CPU
		{632FA50E-81A3-9DE7-270B-56512F85FC50}.Debug|Any CPU.ActiveCfg = Debug|Any CPU
		{632FA50E-81A3-9DE7-270B-56512F85FC50}.Debug|Any CPU.Build.0 = Debug|Any CPU
		{632FA50E-81A3-9DE7-270B-56512F85FC50}.Release|Any CPU.ActiveCfg = Release|Any CPU
		{632FA50E-81A3-9DE7-270B-56512F85FC50}.Release|Any CPU.Build.0 = Release|Any CPU
	EndGlobalSection
	GlobalSection(SolutionProperties) = preSolution
		HideSolutionNode = FALSE
	EndGlobalSection
EndGlobal
